
Microsoft Visual Studio Solution File, Format Version 12.00
# Visual Studio 14
VisualStudioVersion = 14.0.25420.1
MinimumVisualStudioVersion = 10.0.40219.1
Project("{FAE04EC0-301F-11D3-BF4B-00C04F79EFBC}") = "QuicKE.Client.UI", "QuicKE.Client.UI.csproj", "{B7E51A0D-A7FF-4704-B249-3694849B0A0E}"
EndProject
Project("{FAE04EC0-301F-11D3-BF4B-00C04F79EFBC}") = "QuicKE.Client", "..\QuicKE.Client\QuicKE.Client.csproj", "{A92DDFC6-E094-4EC8-B335-AEB02ED90AF4}"
EndProject
Project("{FAE04EC0-301F-11D3-BF4B-00C04F79EFBC}") = "QuicKE.Client.Tests", "..\QuicKE.Client.Tests\QuicKE.Client.Tests.csproj", "{CA566A9E-5BCA-414A-BC8D-0BA02AAB811E}"
EndProject
Global
	GlobalSection(SolutionConfigurationPlatforms) = preSolution
		Debug|Any CPU = Debug|Any CPU
		Debug|ARM = Debug|ARM
		Debug|x86 = Debug|x86
		Release|Any CPU = Release|Any CPU
		Release|ARM = Release|ARM
		Release|x86 = Release|x86
	EndGlobalSection
	GlobalSection(ProjectConfigurationPlatforms) = postSolution
		{B7E51A0D-A7FF-4704-B249-3694849B0A0E}.Debug|Any CPU.ActiveCfg = Debug|Any CPU
		{B7E51A0D-A7FF-4704-B249-3694849B0A0E}.Debug|Any CPU.Build.0 = Debug|Any CPU
		{B7E51A0D-A7FF-4704-B249-3694849B0A0E}.Debug|Any CPU.Deploy.0 = Debug|Any CPU
		{B7E51A0D-A7FF-4704-B249-3694849B0A0E}.Debug|ARM.ActiveCfg = Debug|ARM
		{B7E51A0D-A7FF-4704-B249-3694849B0A0E}.Debug|ARM.Build.0 = Debug|ARM
		{B7E51A0D-A7FF-4704-B249-3694849B0A0E}.Debug|ARM.Deploy.0 = Debug|ARM
		{B7E51A0D-A7FF-4704-B249-3694849B0A0E}.Debug|x86.ActiveCfg = Debug|x86
		{B7E51A0D-A7FF-4704-B249-3694849B0A0E}.Debug|x86.Build.0 = Debug|x86
		{B7E51A0D-A7FF-4704-B249-3694849B0A0E}.Debug|x86.Deploy.0 = Debug|x86
		{B7E51A0D-A7FF-4704-B249-3694849B0A0E}.Release|Any CPU.ActiveCfg = Release|Any CPU
		{B7E51A0D-A7FF-4704-B249-3694849B0A0E}.Release|Any CPU.Build.0 = Release|Any CPU
		{B7E51A0D-A7FF-4704-B249-3694849B0A0E}.Release|Any CPU.Deploy.0 = Release|Any CPU
		{B7E51A0D-A7FF-4704-B249-3694849B0A0E}.Release|ARM.ActiveCfg = Release|ARM
		{B7E51A0D-A7FF-4704-B249-3694849B0A0E}.Release|ARM.Build.0 = Release|ARM
		{B7E51A0D-A7FF-4704-B249-3694849B0A0E}.Release|ARM.Deploy.0 = Release|ARM
		{B7E51A0D-A7FF-4704-B249-3694849B0A0E}.Release|x86.ActiveCfg = Release|x86
		{B7E51A0D-A7FF-4704-B249-3694849B0A0E}.Release|x86.Build.0 = Release|x86
		{B7E51A0D-A7FF-4704-B249-3694849B0A0E}.Release|x86.Deploy.0 = Release|x86
		{A92DDFC6-E094-4EC8-B335-AEB02ED90AF4}.Debug|Any CPU.ActiveCfg = Debug|Any CPU
		{A92DDFC6-E094-4EC8-B335-AEB02ED90AF4}.Debug|Any CPU.Build.0 = Debug|Any CPU
		{A92DDFC6-E094-4EC8-B335-AEB02ED90AF4}.Debug|ARM.ActiveCfg = Debug|ARM
		{A92DDFC6-E094-4EC8-B335-AEB02ED90AF4}.Debug|ARM.Build.0 = Debug|ARM
		{A92DDFC6-E094-4EC8-B335-AEB02ED90AF4}.Debug|x86.ActiveCfg = Debug|x86
		{A92DDFC6-E094-4EC8-B335-AEB02ED90AF4}.Debug|x86.Build.0 = Debug|x86
		{A92DDFC6-E094-4EC8-B335-AEB02ED90AF4}.Release|Any CPU.ActiveCfg = Release|Any CPU
		{A92DDFC6-E094-4EC8-B335-AEB02ED90AF4}.Release|Any CPU.Build.0 = Release|Any CPU
		{A92DDFC6-E094-4EC8-B335-AEB02ED90AF4}.Release|ARM.ActiveCfg = Release|ARM
		{A92DDFC6-E094-4EC8-B335-AEB02ED90AF4}.Release|ARM.Build.0 = Release|ARM
		{A92DDFC6-E094-4EC8-B335-AEB02ED90AF4}.Release|x86.ActiveCfg = Release|x86
		{A92DDFC6-E094-4EC8-B335-AEB02ED90AF4}.Release|x86.Build.0 = Release|x86
		{CA566A9E-5BCA-414A-BC8D-0BA02AAB811E}.Debug|Any CPU.ActiveCfg = Debug|x86
		{CA566A9E-5BCA-414A-BC8D-0BA02AAB811E}.Debug|ARM.ActiveCfg = Debug|ARM
		{CA566A9E-5BCA-414A-BC8D-0BA02AAB811E}.Debug|ARM.Build.0 = Debug|ARM
		{CA566A9E-5BCA-414A-BC8D-0BA02AAB811E}.Debug|ARM.Deploy.0 = Debug|ARM
		{CA566A9E-5BCA-414A-BC8D-0BA02AAB811E}.Debug|x86.ActiveCfg = Debug|x86
		{CA566A9E-5BCA-414A-BC8D-0BA02AAB811E}.Debug|x86.Build.0 = Debug|x86
		{CA566A9E-5BCA-414A-BC8D-0BA02AAB811E}.Debug|x86.Deploy.0 = Debug|x86
		{CA566A9E-5BCA-414A-BC8D-0BA02AAB811E}.Release|Any CPU.ActiveCfg = Release|x86
		{CA566A9E-5BCA-414A-BC8D-0BA02AAB811E}.Release|ARM.ActiveCfg = Release|ARM
		{CA566A9E-5BCA-414A-BC8D-0BA02AAB811E}.Release|ARM.Build.0 = Release|ARM
		{CA566A9E-5BCA-414A-BC8D-0BA02AAB811E}.Release|ARM.Deploy.0 = Release|ARM
		{CA566A9E-5BCA-414A-BC8D-0BA02AAB811E}.Release|x86.ActiveCfg = Release|x86
		{CA566A9E-5BCA-414A-BC8D-0BA02AAB811E}.Release|x86.Build.0 = Release|x86
		{CA566A9E-5BCA-414A-BC8D-0BA02AAB811E}.Release|x86.Deploy.0 = Release|x86
	EndGlobalSection
	GlobalSection(SolutionProperties) = preSolution
		HideSolutionNode = FALSE
	EndGlobalSection
EndGlobal
